
Microsoft Visual Studio Solution File, Format Version 12.00
# Visual Studio Version 17
VisualStudioVersion = 17.3.32825.248
MinimumVisualStudioVersion = 10.0.40219.1
Project("{FAE04EC0-301F-11D3-BF4B-00C04F79EFBC}") = "advertisementAPI", "advertisementAPI\advertisementAPI.csproj", "{0C04D5E5-4FE3-4C2F-B38C-B75685D6DD43}"
EndProject
Global
	GlobalSection(SolutionConfigurationPlatforms) = preSolution
		Debug|Any CPU = Debug|Any CPU
		Release|Any CPU = Release|Any CPU
	EndGlobalSection
	GlobalSection(ProjectConfigurationPlatforms) = postSolution
		{0C04D5E5-4FE3-4C2F-B38C-B75685D6DD43}.Debug|Any CPU.ActiveCfg = Debug|Any CPU
		{0C04D5E5-4FE3-4C2F-B38C-B75685D6DD43}.Debug|Any CPU.Build.0 = Debug|Any CPU
		{0C04D5E5-4FE3-4C2F-B38C-B75685D6DD43}.Release|Any CPU.ActiveCfg = Release|Any CPU
		{0C04D5E5-4FE3-4C2F-B38C-B75685D6DD43}.Release|Any CPU.Build.0 = Release|Any CPU
	EndGlobalSection
	GlobalSection(SolutionProperties) = preSolution
		HideSolutionNode = FALSE
	EndGlobalSection
	GlobalSection(ExtensibilityGlobals) = postSolution
		SolutionGuid = {EFF2EF28-DAF9-478B-9110-D9977D50EB7E}
	EndGlobalSection
EndGlobal
